
Microsoft Visual Studio Solution File, Format Version 12.00
# Visual Studio 15
VisualStudioVersion = 15.0.27130.2027
MinimumVisualStudioVersion = 10.0.40219.1
Project("{8BC9CEB8-8B4A-11D0-8D11-00A0C91BC942}") = "CopMEM", "CopMEM.src\CopMEM.vcxproj", "{78E4B44F-0FD4-4416-AF9A-65EEA2B8D211}"
EndProject
Project("{8BC9CEB8-8B4A-11D0-8D11-00A0C91BC942}") = "MemoryFill", "MemoryFill.src\MemoryFill.vcxproj", "{672640A3-21B0-49A5-BC11-8EC676C65F3C}"
EndProject
Global
	GlobalSection(SolutionConfigurationPlatforms) = preSolution
		Debug|x64 = Debug|x64
		Release|x64 = Release|x64
	EndGlobalSection
	GlobalSection(ProjectConfigurationPlatforms) = postSolution
		{78E4B44F-0FD4-4416-AF9A-65EEA2B8D211}.Debug|x64.ActiveCfg = Debug|x64
		{78E4B44F-0FD4-4416-AF9A-65EEA2B8D211}.Debug|x64.Build.0 = Debug|x64
		{78E4B44F-0FD4-4416-AF9A-65EEA2B8D211}.Release|x64.ActiveCfg = Release|x64
		{78E4B44F-0FD4-4416-AF9A-65EEA2B8D211}.Release|x64.Build.0 = Release|x64
		{672640A3-21B0-49A5-BC11-8EC676C65F3C}.Debug|x64.ActiveCfg = Debug|x64
		{672640A3-21B0-49A5-BC11-8EC676C65F3C}.Debug|x64.Build.0 = Debug|x64
		{672640A3-21B0-49A5-BC11-8EC676C65F3C}.Release|x64.ActiveCfg = Release|x64
		{672640A3-21B0-49A5-BC11-8EC676C65F3C}.Release|x64.Build.0 = Release|x64
	EndGlobalSection
	GlobalSection(SolutionProperties) = preSolution
		HideSolutionNode = FALSE
	EndGlobalSection
	GlobalSection(ExtensibilityGlobals) = postSolution
		SolutionGuid = {B04E4244-6316-4225-B79C-381D47058DAE}
	EndGlobalSection
EndGlobal
